
Microsoft Visual Studio Solution File, Format Version 12.00
# Visual Studio Version 16
VisualStudioVersion = 16.0.31624.102
MinimumVisualStudioVersion = 10.0.40219.1
Project("{FAE04EC0-301F-11D3-BF4B-00C04F79EFBC}") = "DatabaseLabWeb2", "DatabaseLabWeb2\DatabaseLabWeb2.csproj", "{D13F0091-B013-4CD0-AB6C-74C72D1390D4}"
EndProject
Global
	GlobalSection(SolutionConfigurationPlatforms) = preSolution
		Debug|Any CPU = Debug|Any CPU
		Release|Any CPU = Release|Any CPU
	EndGlobalSection
	GlobalSection(ProjectConfigurationPlatforms) = postSolution
		{D13F0091-B013-4CD0-AB6C-74C72D1390D4}.Debug|Any CPU.ActiveCfg = Debug|Any CPU
		{D13F0091-B013-4CD0-AB6C-74C72D1390D4}.Debug|Any CPU.Build.0 = Debug|Any CPU
		{D13F0091-B013-4CD0-AB6C-74C72D1390D4}.Release|Any CPU.ActiveCfg = Release|Any CPU
		{D13F0091-B013-4CD0-AB6C-74C72D1390D4}.Release|Any CPU.Build.0 = Release|Any CPU
	EndGlobalSection
	GlobalSection(SolutionProperties) = preSolution
		HideSolutionNode = FALSE
	EndGlobalSection
	GlobalSection(ExtensibilityGlobals) = postSolution
		SolutionGuid = {D0D7A2E8-A6F0-409F-956D-227B31DA8507}
	EndGlobalSection
EndGlobal
